PODS:
  - FBSnapshotTestCase (2.1.4):
    - FBSnapshotTestCase/SwiftSupport (= 2.1.4)
  - FBSnapshotTestCase/Core (2.1.4)
  - FBSnapshotTestCase/SwiftSupport (2.1.4):
    - FBSnapshotTestCase/Core
  - UseOpenThird1 (1.0.2)

DEPENDENCIES:
  - FBSnapshotTestCase
  - UseOpenThird1 (from `../`)

SPEC REPOS:
  https://github.com/cocoapods/specs.git:
    - FBSnapshotTestCase

EXTERNAL SOURCES:
  UseOpenThird1:
    :path: "../"

SPEC CHECKSUMS:
  FBSnapshotTestCase: 094f9f314decbabe373b87cc339bea235a63e07a
  UseOpenThird1: 79f273d47ab5e56f440bde90b11c140cb05f2741

PODFILE CHECKSUM: 3415ea785004f6eaa6be1f776c6b280e44e680a4

COCOAPODS: 1.5.3
